# This file was autogenerated by Stack.
# You should not edit this file by hand.
# For more information, please see the documentation at:
#   https://docs.haskellstack.org/en/stable/lock_files

packages:
- completed:
    hackage: socket-0.8.3.0@sha256:03d88d2401c0709cc04fdd73509e20356595c1248bbbe2492ee712e552f3af71,3294
    pantry-tree:
      size: 2064
      sha256: 753c4396cd28fb6862189ef62b604f99d24cb6d11b2407d56708ded372dc7582
  original:
    hackage: socket-0.8.3.0
- completed:
    name: networking
    version: 0.1.1.0
    git: https://github.com/lpeterse/haskell-networking.git
    pantry-tree:
      size: 913
      sha256: 4b68e1aabf07fa8e8af0be4af6d318dd0ec9f5108e1e0c95141145beba25f4e3
    commit: b79d22a2b95c6ba4bb16b5b47bfb0ea06df9ddbd
  original:
    git: https://github.com/lpeterse/haskell-networking.git
    commit: b79d22a2b95c6ba4bb16b5b47bfb0ea06df9ddbd
snapshots:
- completed:
    size: 531696
    url: https://raw.githubusercontent.com/commercialhaskell/stackage-snapshots/master/lts/16/3.yaml
    sha256: 65e3a94c65ad07fa1913649e3f1e36c4af51bf528a5d9fd217bdc1b46d0477cc
  original: lts-16.3
